
Microsoft Visual Studio Solution File, Format Version 12.00
# Visual Studio 15
VisualStudioVersion = 15.0.28010.0
MinimumVisualStudioVersion = 10.0.40219.1
Project("{FAE04EC0-301F-11D3-BF4B-00C04F79EFBC}") = "GraphQLSample", "GraphQLSample\GraphQLSample.csproj", "{0B502A8F-466A-4D5D-BD1B-20554BD3DB71}"
EndProject
Project("{FAE04EC0-301F-11D3-BF4B-00C04F79EFBC}") = "GraphQLSampleModels", "GraphQLSampleModels\GraphQLSampleModels.csproj", "{F3C634BB-F144-42D6-8F72-758552EADCA6}"
EndProject
Global
	GlobalSection(SolutionConfigurationPlatforms) = preSolution
		Debug|Any CPU = Debug|Any CPU
		Release|Any CPU = Release|Any CPU
	EndGlobalSection
	GlobalSection(ProjectConfigurationPlatforms) = postSolution
		{0B502A8F-466A-4D5D-BD1B-20554BD3DB71}.Debug|Any CPU.ActiveCfg = Debug|Any CPU
		{0B502A8F-466A-4D5D-BD1B-20554BD3DB71}.Debug|Any CPU.Build.0 = Debug|Any CPU
		{0B502A8F-466A-4D5D-BD1B-20554BD3DB71}.Release|Any CPU.ActiveCfg = Release|Any CPU
		{0B502A8F-466A-4D5D-BD1B-20554BD3DB71}.Release|Any CPU.Build.0 = Release|Any CPU
		{F3C634BB-F144-42D6-8F72-758552EADCA6}.Debug|Any CPU.ActiveCfg = Debug|Any CPU
		{F3C634BB-F144-42D6-8F72-758552EADCA6}.Debug|Any CPU.Build.0 = Debug|Any CPU
		{F3C634BB-F144-42D6-8F72-758552EADCA6}.Release|Any CPU.ActiveCfg = Release|Any CPU
		{F3C634BB-F144-42D6-8F72-758552EADCA6}.Release|Any CPU.Build.0 = Release|Any CPU
	EndGlobalSection
	GlobalSection(SolutionProperties) = preSolution
		HideSolutionNode = FALSE
	EndGlobalSection
	GlobalSection(ExtensibilityGlobals) = postSolution
		SolutionGuid = {46B96044-AC6C-497A-B816-D8443676836C}
	EndGlobalSection
EndGlobal
